
Microsoft Visual Studio Solution File, Format Version 12.00
# Visual Studio Version 17
VisualStudioVersion = 17.13.35825.156 d17.13
MinimumVisualStudioVersion = 10.0.40219.1
Project("{FAE04EC0-301F-11D3-BF4B-00C04F79EFBC}") = "Activity0401_ModifyingTheItem", "Activity0401_ModifyingTheItem\Activity0401_ModifyingTheItem.csproj", "{DDB20541-5224-4524-9D36-7FC0390A8F4B}"
EndProject
Project("{FAE04EC0-301F-11D3-BF4B-00C04F79EFBC}") = "InventoryDatabaseCore", "InventoryDatabaseCore\InventoryDatabaseCore.csproj", "{80645032-790D-473D-9540-E688FDC13954}"
EndProject
Project("{FAE04EC0-301F-11D3-BF4B-00C04F79EFBC}") = "InventoryModels", "InventoryModels\InventoryModels.csproj", "{5FF71E5C-60F8-4F3E-87BF-ADF3674332D5}"
EndProject
Global
	GlobalSection(SolutionConfigurationPlatforms) = preSolution
		Debug|Any CPU = Debug|Any CPU
		Release|Any CPU = Release|Any CPU
	EndGlobalSection
	GlobalSection(ProjectConfigurationPlatforms) = postSolution
		{DDB20541-5224-4524-9D36-7FC0390A8F4B}.Debug|Any CPU.ActiveCfg = Debug|Any CPU
		{DDB20541-5224-4524-9D36-7FC0390A8F4B}.Debug|Any CPU.Build.0 = Debug|Any CPU
		{DDB20541-5224-4524-9D36-7FC0390A8F4B}.Release|Any CPU.ActiveCfg = Release|Any CPU
		{DDB20541-5224-4524-9D36-7FC0390A8F4B}.Release|Any CPU.Build.0 = Release|Any CPU
		{80645032-790D-473D-9540-E688FDC13954}.Debug|Any CPU.ActiveCfg = Debug|Any CPU
		{80645032-790D-473D-9540-E688FDC13954}.Debug|Any CPU.Build.0 = Debug|Any CPU
		{80645032-790D-473D-9540-E688FDC13954}.Release|Any CPU.ActiveCfg = Release|Any CPU
		{80645032-790D-473D-9540-E688FDC13954}.Release|Any CPU.Build.0 = Release|Any CPU
		{5FF71E5C-60F8-4F3E-87BF-ADF3674332D5}.Debug|Any CPU.ActiveCfg = Debug|Any CPU
		{5FF71E5C-60F8-4F3E-87BF-ADF3674332D5}.Debug|Any CPU.Build.0 = Debug|Any CPU
		{5FF71E5C-60F8-4F3E-87BF-ADF3674332D5}.Release|Any CPU.ActiveCfg = Release|Any CPU
		{5FF71E5C-60F8-4F3E-87BF-ADF3674332D5}.Release|Any CPU.Build.0 = Release|Any CPU
	EndGlobalSection
	GlobalSection(SolutionProperties) = preSolution
		HideSolutionNode = FALSE
	EndGlobalSection
	GlobalSection(ExtensibilityGlobals) = postSolution
		SolutionGuid = {EBC6AD88-C918-4EA6-B6E4-BE265C6817E0}
	EndGlobalSection
EndGlobal
