
Microsoft Visual Studio Solution File, Format Version 12.00
# Visual Studio Version 17
VisualStudioVersion = 17.13.35825.156 d17.13
MinimumVisualStudioVersion = 10.0.40219.1
Project("{FAE04EC0-301F-11D3-BF4B-00C04F79EFBC}") = "Activity0301_EFCore", "Activity0301_EFCore\Activity0301_EFCore.csproj", "{1DD9A23B-24B6-476B-A961-704CBFD80A4C}"
EndProject
Project("{FAE04EC0-301F-11D3-BF4B-00C04F79EFBC}") = "EF_Activity001", "..\EF_Activity001\EF_Activity001\EF_Activity001.csproj", "{45B1BE88-03B7-4E91-377A-5CF55981A4C2}"
EndProject
Global
	GlobalSection(SolutionConfigurationPlatforms) = preSolution
		Debug|Any CPU = Debug|Any CPU
		Release|Any CPU = Release|Any CPU
	EndGlobalSection
	GlobalSection(ProjectConfigurationPlatforms) = postSolution
		{1DD9A23B-24B6-476B-A961-704CBFD80A4C}.Debug|Any CPU.ActiveCfg = Debug|Any CPU
		{1DD9A23B-24B6-476B-A961-704CBFD80A4C}.Debug|Any CPU.Build.0 = Debug|Any CPU
		{1DD9A23B-24B6-476B-A961-704CBFD80A4C}.Release|Any CPU.ActiveCfg = Release|Any CPU
		{1DD9A23B-24B6-476B-A961-704CBFD80A4C}.Release|Any CPU.Build.0 = Release|Any CPU
		{45B1BE88-03B7-4E91-377A-5CF55981A4C2}.Debug|Any CPU.ActiveCfg = Debug|Any CPU
		{45B1BE88-03B7-4E91-377A-5CF55981A4C2}.Debug|Any CPU.Build.0 = Debug|Any CPU
		{45B1BE88-03B7-4E91-377A-5CF55981A4C2}.Release|Any CPU.ActiveCfg = Release|Any CPU
		{45B1BE88-03B7-4E91-377A-5CF55981A4C2}.Release|Any CPU.Build.0 = Release|Any CPU
	EndGlobalSection
	GlobalSection(SolutionProperties) = preSolution
		HideSolutionNode = FALSE
	EndGlobalSection
	GlobalSection(ExtensibilityGlobals) = postSolution
		SolutionGuid = {FB1AA3B2-F47C-4754-B543-478447786665}
	EndGlobalSection
EndGlobal
